
Microsoft Visual Studio Solution File, Format Version 12.00
# Visual Studio 2015
Project("{FAE04EC0-301F-11D3-BF4B-00C04F79EFBC}") = "HanaBee", "HanaBee.csproj", "{6853EA14-2D96-22B1-5390-BBEA4C4D5420}"
EndProject
Project("{FAE04EC0-301F-11D3-BF4B-00C04F79EFBC}") = "HanaBee.Editor", "HanaBee.Editor.csproj", "{FA1535C3-311B-049B-00F3-684B2C89D8FA}"
EndProject
Global
	GlobalSection(SolutionConfigurationPlatforms) = preSolution
		Debug|Any CPU = Debug|Any CPU
		Release|Any CPU = Release|Any CPU
	EndGlobalSection
	GlobalSection(ProjectConfigurationPlatforms) = postSolution
		{6853EA14-2D96-22B1-5390-BBEA4C4D5420}.Debug|Any CPU.ActiveCfg = Debug|Any CPU
		{6853EA14-2D96-22B1-5390-BBEA4C4D5420}.Debug|Any CPU.Build.0 = Debug|Any CPU
		{6853EA14-2D96-22B1-5390-BBEA4C4D5420}.Release|Any CPU.ActiveCfg = Release|Any CPU
		{6853EA14-2D96-22B1-5390-BBEA4C4D5420}.Release|Any CPU.Build.0 = Release|Any CPU
		{FA1535C3-311B-049B-00F3-684B2C89D8FA}.Debug|Any CPU.ActiveCfg = Debug|Any CPU
		{FA1535C3-311B-049B-00F3-684B2C89D8FA}.Debug|Any CPU.Build.0 = Debug|Any CPU
		{FA1535C3-311B-049B-00F3-684B2C89D8FA}.Release|Any CPU.ActiveCfg = Release|Any CPU
		{FA1535C3-311B-049B-00F3-684B2C89D8FA}.Release|Any CPU.Build.0 = Release|Any CPU
	EndGlobalSection
	GlobalSection(SolutionProperties) = preSolution
		HideSolutionNode = FALSE
	EndGlobalSection
EndGlobal
